// !$*UTF8*$!
{
	archiveVersion = 1;
	classes = {
	};
	objectVersion = 50;
	objects = {

/* Begin PBXBuildFile section */
		0836E598250C8FB8002EEA5C /* AppDelegate.swift in Sources */ = {isa = PBXBuildFile; fileRef = 0836E597250C8FB8002EEA5C /* AppDelegate.swift */; };
		0836E59A250C8FB8002EEA5C /* SceneDelegate.swift in Sources */ = {isa = PBXBuildFile; fileRef = 0836E599250C8FB8002EEA5C /* SceneDelegate.swift */; };
		0836E59C250C8FB8002EEA5C /* ViewController.swift in Sources */ = {isa = PBXBuildFile; fileRef = 0836E59B250C8FB8002EEA5C /* ViewController.swift */; };
		0836E59F250C8FB8002EEA5C /* Main.storyboard in Resources */ = {isa = PBXBuildFile; fileRef = 0836E59D250C8FB8002EEA5C /* Main.storyboard */; };
		0836E5A1250C8FB9002EEA5C /* Assets.xcassets in Resources */ = {isa = PBXBuildFile; fileRef = 0836E5A0250C8FB9002EEA5C /* Assets.xcassets */; };
		0836E5A4250C8FB9002EEA5C /* LaunchScreen.storyboard in Resources */ = {isa = PBXBuildFile; fileRef = 0836E5A2250C8FB9002EEA5C /* LaunchScreen.storyboard */; };
		0836E5AC250C929B002EEA5C /* CountryTableViewCell.swift in Sources */ = {isa = PBXBuildFile; fileRef = 0836E5AB250C929B002EEA5C /* CountryTableViewCell.swift */; };
		0836E5AE250C9988002EEA5C /* Country.swift in Sources */ = {isa = PBXBuildFile; fileRef = 0836E5AD250C9988002EEA5C /* Country.swift */; };
		0836E5B0250C9DFF002EEA5C /* SecondViewController.swift in Sources */ = {isa = PBXBuildFile; fileRef = 0836E5AF250C9DFF002EEA5C /* SecondViewController.swift */; };
/* End PBXBuildFile section */

/* Begin PBXFileReference section */
		0836E594250C8FB8002EEA5C /* iOS_ProjectC.app */ = {isa = PBXFileReference; explicitFileType = wrapper.application; includeInIndex = 0; path = iOS_ProjectC.app; sourceTree = BUILT_PRODUCTS_DIR; };
		0836E597250C8FB8002EEA5C /* AppDelegate.swift */ = {isa = PBXFileReference; lastKnownFileType = sourcecode.swift; path = AppDelegate.swift; sourceTree = "<group>"; };
		0836E599250C8FB8002EEA5C /* SceneDelegate.swift */ = {isa = PBXFileReference; lastKnownFileType = sourcecode.swift; path = SceneDelegate.swift; sourceTree = "<group>"; };
		0836E59B250C8FB8002EEA5C /* ViewController.swift */ = {isa = PBXFileReference; lastKnownFileType = sourcecode.swift; path = ViewController.swift; sourceTree = "<group>"; };
		0836E59E250C8FB8002EEA5C /* Base */ = {isa = PBXFileReference; lastKnownFileType = file.storyboard; name = Base; path = Base.lproj/Main.storyboard; sourceTree = "<group>"; };
		0836E5A0250C8FB9002EEA5C /* Assets.xcassets */ = {isa = PBXFileReference; lastKnownFileType = folder.assetcatalog; path = Assets.xcassets; sourceTree = "<group>"; };
		0836E5A3250C8FB9002EEA5C /* Base */ = {isa = PBXFileReference; lastKnownFileType = file.storyboard; name = Base; path = Base.lproj/LaunchScreen.storyboard; sourceTree = "<group>"; };
		0836E5A5250C8FB9002EEA5C /* Info.plist */ = {isa = PBXFileReference; lastKnownFileType = text.plist.xml; path = Info.plist; sourceTree = "<group>"; };
		0836E5AB250C929B002EEA5C /* CountryTableViewCell.swift */ = {isa = PBXFileReference; lastKnownFileType = sourcecode.swift; path = CountryTableViewCell.swift; sourceTree = "<group>"; };
		0836E5AD250C9988002EEA5C /* Country.swift */ = {isa = PBXFileReference; lastKnownFileType = sourcecode.swift; path = Country.swift; sourceTree = "<group>"; };
		0836E5AF250C9DFF002EEA5C /* SecondViewController.swift */ = {isa = PBXFileReference; lastKnownFileType = sourcecode.swift; path = SecondViewController.swift; sourceTree = "<group>"; };
/* End PBXFileReference section */

/* Begin PBXFrameworksBuildPhase section */
		0836E591250C8FB8002EEA5C /* Frameworks */ = {
			isa = PBXFrameworksBuildPhase;
			buildActionMask = 2147483647;
			files = (
			);
			runOnlyForDeploymentPostprocessing = 0;
		};
/* End PBXFrameworksBuildPhase section */

/* Begin PBXGroup section */
		0836E58B250C8FB8002EEA5C = {
			isa = PBXGroup;
			children = (
				0836E596250C8FB8002EEA5C /* iOS_ProjectC */,
				0836E595250C8FB8002EEA5C /* Products */,
			);
			sourceTree = "<group>";
		};
		0836E595250C8FB8002EEA5C /* Products */ = {
			isa = PBXGroup;
			children = (
				0836E594250C8FB8002EEA5C /* iOS_ProjectC.app */,
			);
			name = Products;
			sourceTree = "<group>";
		};
		0836E596250C8FB8002EEA5C /* iOS_ProjectC */ = {
			isa = PBXGroup;
			children = (
				0836E597250C8FB8002EEA5C /* AppDelegate.swift */,
				0836E599250C8FB8002EEA5C /* SceneDelegate.swift */,
				0836E59B250C8FB8002EEA5C /* ViewController.swift */,
				0836E5AF250C9DFF002EEA5C /* SecondViewController.swift */,
				0836E59D250C8FB8002EEA5C /* Main.storyboard */,
				0836E5AB250C929B002EEA5C /* CountryTableViewCell.swift */,
				0836E5A0250C8FB9002EEA5C /* Assets.xcassets */,
				0836E5AD250C9988002EEA5C /* Country.swift */,
				0836E5A2250C8FB9002EEA5C /* LaunchScreen.storyboard */,
				0836E5A5250C8FB9002EEA5C /* Info.plist */,
			);
			path = iOS_ProjectC;
			sourceTree = "<group>";
		};
/* End PBXGroup section */

/* Begin PBXNativeTarget section */
		0836E593250C8FB8002EEA5C /* iOS_ProjectC */ = {
			isa = PBXNativeTarget;
			buildConfigurationList = 0836E5A8250C8FB9002EEA5C /* Build configuration list for PBXNativeTarget "iOS_ProjectC" */;
			buildPhases = (
				0836E590250C8FB8002EEA5C /* Sources */,
				0836E591250C8FB8002EEA5C /* Frameworks */,
				0836E592250C8FB8002EEA5C /* Resources */,
			);
			buildRules = (
			);
			dependencies = (
			);
			name = iOS_ProjectC;
			productName = iOS_ProjectC;
			productReference = 0836E594250C8FB8002EEA5C /* iOS_ProjectC.app */;
			productType = "com.apple.product-type.application";
		};
/* End PBXNativeTarget section */

/* Begin PBXProject section */
		0836E58C250C8FB8002EEA5C /* Project object */ = {
			isa = PBXProject;
			attributes = {
				LastSwiftUpdateCheck = 1170;
				LastUpgradeCheck = 1170;
				ORGANIZATIONNAME = thoonk;
				TargetAttributes = {
					0836E593250C8FB8002EEA5C = {
						CreatedOnToolsVersion = 11.7;
					};
				};
			};
			buildConfigurationList = 0836E58F250C8FB8002EEA5C /* Build configuration list for PBXProject "iOS_ProjectC" */;
			compatibilityVersion = "Xcode 9.3";
			developmentRegion = en;
			hasScannedForEncodings = 0;
			knownRegions = (
				en,
				Base,
			);
			mainGroup = 0836E58B250C8FB8002EEA5C;
			productRefGroup = 0836E595250C8FB8002EEA5C /* Products */;
			projectDirPath = "";
			projectRoot = "";
			targets = (
				0836E593250C8FB8002EEA5C /* iOS_ProjectC */,
			);
		};
/* End PBXProject section */

/* Begin PBXResourcesBuildPhase section */
		0836E592250C8FB8002EEA5C /* Resources */ = {
			isa = PBXResourcesBuildPhase;
			buildActionMask = 2147483647;
			files = (
				0836E5A4250C8FB9002EEA5C /* LaunchScreen.storyboard in Resources */,
				0836E5A1250C8FB9002EEA5C /* Assets.xcassets in Resources */,
				0836E59F250C8FB8002EEA5C /* Main.storyboard in Resources */,
			);
			runOnlyForDeploymentPostprocessing = 0;
		};
/* End PBXResourcesBuildPhase section */

/* Begin PBXSourcesBuildPhase section */
		0836E590250C8FB8002EEA5C /* Sources */ = {
			isa = PBXSourcesBuildPhase;
			buildActionMask = 2147483647;
			files = (
				0836E5B0250C9DFF002EEA5C /* SecondViewController.swift in Sources */,
				0836E5AC250C929B002EEA5C /* CountryTableViewCell.swift in Sources */,
				0836E59C250C8FB8002EEA5C /* ViewController.swift in Sources */,
				0836E598250C8FB8002EEA5C /* AppDelegate.swift in Sources */,
				0836E5AE250C9988002EEA5C /* Country.swift in Sources */,
				0836E59A250C8FB8002EEA5C /* SceneDelegate.swift in Sources */,
			);
			runOnlyForDeploymentPostprocessing = 0;
		};
/* End PBXSourcesBuildPhase section */

/* Begin PBXVariantGroup section */
		0836E59D250C8FB8002EEA5C /* Main.storyboard */ = {
			isa = PBXVariantGroup;
			children = (
				0836E59E250C8FB8002EEA5C /* Base */,
			);
			name = Main.storyboard;
			sourceTree = "<group>";
		};
		0836E5A2250C8FB9002EEA5C /* LaunchScreen.storyboard */ = {
			isa = PBXVariantGroup;
			children = (
				0836E5A3250C8FB9002EEA5C /* Base */,
			);
			name = LaunchScreen.storyboard;
			sourceTree = "<group>";
		};
/* End PBXVariantGroup section */

/* Begin XCBuildConfiguration section */
		0836E5A6250C8FB9002EEA5C /* Debug */ = {
			isa = XCBuildConfiguration;
			buildSettings = {
				ALWAYS_SEARCH_USER_PATHS = NO;
				CLANG_ANALYZER_NONNULL = YES;
				CLANG_ANALYZER_NUMBER_OBJECT_CONVERSION = YES_AGGRESSIVE;
				CLANG_CXX_LANGUAGE_STANDARD = "gnu++14";
				CLANG_CXX_LIBRARY = "libc++";
				CLANG_ENABLE_MODULES = YES;
				CLANG_ENABLE_OBJC_ARC = YES;
				CLANG_ENABLE_OBJC_WEAK = YES;
				CLANG_WARN_BLOCK_CAPTURE_AUTORELEASING = YES;
				CLANG_WARN_BOOL_CONVERSION = YES;
				CLANG_WARN_COMMA = YES;
				CLANG_WARN_CONSTANT_CONVERSION = YES;
				CLANG_WARN_DEPRECATED_OBJC_IMPLEMENTATIONS = YES;
				CLANG_WARN_DIRECT_OBJC_ISA_USAGE = YES_ERROR;
				CLANG_WARN_DOCUMENTATION_COMMENTS = YES;
				CLANG_WARN_EMPTY_BODY = YES;
				CLANG_WARN_ENUM_CONVERSION = YES;
				CLANG_WARN_INFINITE_RECURSION = YES;
				CLANG_WARN_INT_CONVERSION = YES;
				CLANG_WARN_NON_LITERAL_NULL_CONVERSION = YES;
				CLANG_WARN_OBJC_IMPLICIT_RETAIN_SELF = YES;
				CLANG_WARN_OBJC_LITERAL_CONVERSION = YES;
				CLANG_WARN_OBJC_ROOT_CLASS = YES_ERROR;
				CLANG_WARN_RANGE_LOOP_ANALYSIS = YES;
				CLANG_WARN_STRICT_PROTOTYPES = YES;
				CLANG_WARN_SUSPICIOUS_MOVE = YES;
				CLANG_WARN_UNGUARDED_AVAILABILITY = YES_AGGRESSIVE;
				CLANG_WARN_UNREACHABLE_CODE = YES;
				CLANG_WARN__DUPLICATE_METHOD_MATCH = YES;
				COPY_PHASE_STRIP = NO;
				DEBUG_INFORMATION_FORMAT = dwarf;
				ENABLE_STRICT_OBJC_MSGSEND = YES;
				ENABLE_TESTABILITY = YES;
				GCC_C_LANGUAGE_STANDARD = gnu11;
				GCC_DYNAMIC_NO_PIC = NO;
				GCC_NO_COMMON_BLOCKS = YES;
				GCC_OPTIMIZATION_LEVEL = 0;
				GCC_PREPROCESSOR_DEFINITIONS = (
					"DEBUG=1",
					"$(inherited)",
				);
				GCC_WARN_64_TO_32_BIT_CONVERSION = YES;
				GCC_WARN_ABOUT_RETURN_TYPE = YES_ERROR;
				GCC_WARN_UNDECLARED_SELECTOR = YES;
				GCC_WARN_UNINITIALIZED_AUTOS = YES_AGGRESSIVE;
				GCC_WARN_UNUSED_FUNCTION = YES;
				GCC_WARN_UNUSED_VARIABLE = YES;
				IPHONEOS_DEPLOYMENT_TARGET = 13.7;
				MTL_ENABLE_DEBUG_INFO = INCLUDE_SOURCE;
				MTL_FAST_MATH = YES;
				ONLY_ACTIVE_ARCH = YES;
				SDKROOT = iphoneos;
				SWIFT_ACTIVE_COMPILATION_CONDITIONS = DEBUG;
				SWIFT_OPTIMIZATION_LEVEL = "-Onone";
			};
			name = Debug;
		};
		0836E5A7250C8FB9002EEA5C /* Release */ = {
			isa = XCBuildConfiguration;
			buildSettings = {
				ALWAYS_SEARCH_USER_PATHS = NO;
				CLANG_ANALYZER_NONNULL = YES;
				CLANG_ANALYZER_NUMBER_OBJECT_CONVERSION = YES_AGGRESSIVE;
				CLANG_CXX_LANGUAGE_STANDARD = "gnu++14";
				CLANG_CXX_LIBRARY = "libc++";
				CLANG_ENABLE_MODULES = YES;
				CLANG_ENABLE_OBJC_ARC = YES;
				CLANG_ENABLE_OBJC_WEAK = YES;
				CLANG_WARN_BLOCK_CAPTURE_AUTORELEASING = YES;
				CLANG_WARN_BOOL_CONVERSION = YES;
				CLANG_WARN_COMMA = YES;
				CLANG_WARN_CONSTANT_CONVERSION = YES;
				CLANG_WARN_DEPRECATED_OBJC_IMPLEMENTATIONS = YES;
				CLANG_WARN_DIRECT_OBJC_ISA_USAGE = YES_ERROR;
				CLANG_WARN_DOCUMENTATION_COMMENTS = YES;
				CLANG_WARN_EMPTY_BODY = YES;
				CLANG_WARN_ENUM_CONVERSION = YES;
				CLANG_WARN_INFINITE_RECURSION = YES;
				CLANG_WARN_INT_CONVERSION = YES;
				CLANG_WARN_NON_LITERAL_NULL_CONVERSION = YES;
				CLANG_WARN_OBJC_IMPLICIT_RETAIN_SELF = YES;
				CLANG_WARN_OBJC_LITERAL_CONVERSION = YES;
				CLANG_WARN_OBJC_ROOT_CLASS = YES_ERROR;
				CLANG_WARN_RANGE_LOOP_ANALYSIS = YES;
				CLANG_WARN_STRICT_PROTOTYPES = YES;
				CLANG_WARN_SUSPICIOUS_MOVE = YES;
				CLANG_WARN_UNGUARDED_AVAILABILITY = YES_AGGRESSIVE;
				CLANG_WARN_UNREACHABLE_CODE = YES;
				CLANG_WARN__DUPLICATE_METHOD_MATCH = YES;
				COPY_PHASE_STRIP = NO;
				DEBUG_INFORMATION_FORMAT = "dwarf-with-dsym";
				ENABLE_NS_ASSERTIONS = NO;
				ENABLE_STRICT_OBJC_MSGSEND = YES;
				GCC_C_LANGUAGE_STANDARD = gnu11;
				GCC_NO_COMMON_BLOCKS = YES;
				GCC_WARN_64_TO_32_BIT_CONVERSION = YES;
				GCC_WARN_ABOUT_RETURN_TYPE = YES_ERROR;
				GCC_WARN_UNDECLARED_SELECTOR = YES;
				GCC_WARN_UNINITIALIZED_AUTOS = YES_AGGRESSIVE;
				GCC_WARN_UNUSED_FUNCTION = YES;
				GCC_WARN_UNUSED_VARIABLE = YES;
				IPHONEOS_DEPLOYMENT_TARGET = 13.7;
				MTL_ENABLE_DEBUG_INFO = NO;
				MTL_FAST_MATH = YES;
				SDKROOT = iphoneos;
				SWIFT_COMPILATION_MODE = wholemodule;
				SWIFT_OPTIMIZATION_LEVEL = "-O";
				VALIDATE_PRODUCT = YES;
			};
			name = Release;
		};
		0836E5A9250C8FB9002EEA5C /* Debug */ = {
			isa = XCBuildConfiguration;
			buildSettings = {
				ASSETCATALOG_COMPILER_APPICON_NAME = AppIcon;
				CODE_SIGN_STYLE = Automatic;
				DEVELOPMENT_TEAM = U59PP2KXJ5;
				INFOPLIST_FILE = iOS_ProjectC/Info.plist;
				LD_RUNPATH_SEARCH_PATHS = (
					"$(inherited)",
					"@executable_path/Frameworks",
				);
				PRODUCT_BUNDLE_IDENTIFIER = "com.thoonk.iOS-ProjectC";
				PRODUCT_NAME = "$(TARGET_NAME)";
				SWIFT_VERSION = 5.0;
				TARGETED_DEVICE_FAMILY = "1,2";
			};
			name = Debug;
		};
		0836E5AA250C8FB9002EEA5C /* Release */ = {
			isa = XCBuildConfiguration;
			buildSettings = {
				ASSETCATALOG_COMPILER_APPICON_NAME = AppIcon;
				CODE_SIGN_STYLE = Automatic;
				DEVELOPMENT_TEAM = U59PP2KXJ5;
				INFOPLIST_FILE = iOS_ProjectC/Info.plist;
				LD_RUNPATH_SEARCH_PATHS = (
					"$(inherited)",
					"@executable_path/Frameworks",
				);
				PRODUCT_BUNDLE_IDENTIFIER = "com.thoonk.iOS-ProjectC";
				PRODUCT_NAME = "$(TARGET_NAME)";
				SWIFT_VERSION = 5.0;
				TARGETED_DEVICE_FAMILY = "1,2";
			};
			name = Release;
		};
/* End XCBuildConfiguration section */

/* Begin XCConfigurationList section */
		0836E58F250C8FB8002EEA5C /* Build configuration list for PBXProject "iOS_ProjectC" */ = {
			isa = XCConfigurationList;
			buildConfigurations = (
				0836E5A6250C8FB9002EEA5C /* Debug */,
				0836E5A7250C8FB9002EEA5C /* Release */,
			);
			defaultConfigurationIsVisible = 0;
			defaultConfigurationName = Release;
		};
		0836E5A8250C8FB9002EEA5C /* Build configuration list for PBXNativeTarget "iOS_ProjectC" */ = {
			isa = XCConfigurationList;
			buildConfigurations = (
				0836E5A9250C8FB9002EEA5C /* Debug */,
				0836E5AA250C8FB9002EEA5C /* Release */,
			);
			defaultConfigurationIsVisible = 0;
			defaultConfigurationName = Release;
		};
/* End XCConfigurationList section */
	};
	rootObject = 0836E58C250C8FB8002EEA5C /* Project object */;
}
